// !$*UTF8*$!
{
	archiveVersion = 1;
	classes = {
	};
	objectVersion = 56;
	objects = {

/* Begin PBXBuildFile section */
		071087332AFB419E002A8E8D /* GameColors.swift in Sources */ = {isa = PBXBuildFile; fileRef = 071087322AFB419E002A8E8D /* GameColors.swift */; };
		07230B872AE1C330002D9A2B /* GameViewModel.swift in Sources */ = {isa = PBXBuildFile; fileRef = 07230B862AE1C330002D9A2B /* GameViewModel.swift */; };
		07230B892AE1C380002D9A2B /* Game.swift in Sources */ = {isa = PBXBuildFile; fileRef = 07230B882AE1C380002D9A2B /* Game.swift */; };
		074DA5242AFD322900CD6B08 /* MonochromeLabelView.swift in Sources */ = {isa = PBXBuildFile; fileRef = 074DA5232AFD322900CD6B08 /* MonochromeLabelView.swift */; };
		074DA5262AFD330A00CD6B08 /* SizeView.swift in Sources */ = {isa = PBXBuildFile; fileRef = 074DA5252AFD330A00CD6B08 /* SizeView.swift */; };
		074DA5282AFD33B000CD6B08 /* NewGameButtonView.swift in Sources */ = {isa = PBXBuildFile; fileRef = 074DA5272AFD33B000CD6B08 /* NewGameButtonView.swift */; };
		076995572ACF756D0060E081 /* FieldView.swift in Sources */ = {isa = PBXBuildFile; fileRef = 076995562ACF756D0060E081 /* FieldView.swift */; };
		078FA6CB2B0315D300E80102 /* MonochromeTests.swift in Sources */ = {isa = PBXBuildFile; fileRef = 078FA6CA2B0315D300E80102 /* MonochromeTests.swift */; };
		07AAA3B42A90224500AED136 /* MonochromeApp.swift in Sources */ = {isa = PBXBuildFile; fileRef = 07AAA3B32A90224500AED136 /* MonochromeApp.swift */; };
		07AAA3B62A90224500AED136 /* GameView.swift in Sources */ = {isa = PBXBuildFile; fileRef = 07AAA3B52A90224500AED136 /* GameView.swift */; };
		07AAA3B82A90224600AED136 /* Assets.xcassets in Resources */ = {isa = PBXBuildFile; fileRef = 07AAA3B72A90224600AED136 /* Assets.xcassets */; };
		07B3D74A2B04135800A5925D /* GameParameters.swift in Sources */ = {isa = PBXBuildFile; fileRef = 07B3D7492B04135800A5925D /* GameParameters.swift */; };
		07D0A2FC2AD0D837008A40A9 /* Preview Assets.xcassets in Resources */ = {isa = PBXBuildFile; fileRef = 07D0A2FB2AD0D837008A40A9 /* Preview Assets.xcassets */; };
/* End PBXBuildFile section */

/* Begin PBXContainerItemProxy section */
		078FA6CC2B0315D300E80102 /* PBXContainerItemProxy */ = {
			isa = PBXContainerItemProxy;
			containerPortal = 07AAA3A82A90224500AED136 /* Project object */;
			proxyType = 1;
			remoteGlobalIDString = 07AAA3AF2A90224500AED136;
			remoteInfo = Monochrome;
		};
/* End PBXContainerItemProxy section */

/* Begin PBXFileReference section */
		071087322AFB419E002A8E8D /* GameColors.swift */ = {isa = PBXFileReference; lastKnownFileType = sourcecode.swift; path = GameColors.swift; sourceTree = "<group>"; };
		07230B862AE1C330002D9A2B /* GameViewModel.swift */ = {isa = PBXFileReference; lastKnownFileType = sourcecode.swift; path = GameViewModel.swift; sourceTree = "<group>"; };
		07230B882AE1C380002D9A2B /* Game.swift */ = {isa = PBXFileReference; lastKnownFileType = sourcecode.swift; path = Game.swift; sourceTree = "<group>"; };
		074DA5232AFD322900CD6B08 /* MonochromeLabelView.swift */ = {isa = PBXFileReference; lastKnownFileType = sourcecode.swift; path = MonochromeLabelView.swift; sourceTree = "<group>"; };
		074DA5252AFD330A00CD6B08 /* SizeView.swift */ = {isa = PBXFileReference; lastKnownFileType = sourcecode.swift; path = SizeView.swift; sourceTree = "<group>"; };
		074DA5272AFD33B000CD6B08 /* NewGameButtonView.swift */ = {isa = PBXFileReference; lastKnownFileType = sourcecode.swift; path = NewGameButtonView.swift; sourceTree = "<group>"; };
		076995562ACF756D0060E081 /* FieldView.swift */ = {isa = PBXFileReference; lastKnownFileType = sourcecode.swift; path = FieldView.swift; sourceTree = "<group>"; };
		078FA6C82B0315D300E80102 /* MonochromeTests.xctest */ = {isa = PBXFileReference; explicitFileType = wrapper.cfbundle; includeInIndex = 0; path = MonochromeTests.xctest; sourceTree = BUILT_PRODUCTS_DIR; };
		078FA6CA2B0315D300E80102 /* MonochromeTests.swift */ = {isa = PBXFileReference; lastKnownFileType = sourcecode.swift; path = MonochromeTests.swift; sourceTree = "<group>"; };
		07AAA3B02A90224500AED136 /* Monochrome.app */ = {isa = PBXFileReference; explicitFileType = wrapper.application; includeInIndex = 0; path = Monochrome.app; sourceTree = BUILT_PRODUCTS_DIR; };
		07AAA3B32A90224500AED136 /* MonochromeApp.swift */ = {isa = PBXFileReference; lastKnownFileType = sourcecode.swift; path = MonochromeApp.swift; sourceTree = "<group>"; };
		07AAA3B52A90224500AED136 /* GameView.swift */ = {isa = PBXFileReference; lastKnownFileType = sourcecode.swift; path = GameView.swift; sourceTree = "<group>"; };
		07AAA3B72A90224600AED136 /* Assets.xcassets */ = {isa = PBXFileReference; lastKnownFileType = folder.assetcatalog; path = Assets.xcassets; sourceTree = "<group>"; };
		07B3D7492B04135800A5925D /* GameParameters.swift */ = {isa = PBXFileReference; lastKnownFileType = sourcecode.swift; path = GameParameters.swift; sourceTree = "<group>"; };
		07D0A2FB2AD0D837008A40A9 /* Preview Assets.xcassets */ = {isa = PBXFileReference; lastKnownFileType = folder.assetcatalog; path = "Preview Assets.xcassets"; sourceTree = "<group>"; };
/* End PBXFileReference section */

/* Begin PBXFrameworksBuildPhase section */
		078FA6C52B0315D300E80102 /* Frameworks */ = {
			isa = PBXFrameworksBuildPhase;
			buildActionMask = 2147483647;
			files = (
			);
			runOnlyForDeploymentPostprocessing = 0;
		};
		07AAA3AD2A90224500AED136 /* Frameworks */ = {
			isa = PBXFrameworksBuildPhase;
			buildActionMask = 2147483647;
			files = (
			);
			runOnlyForDeploymentPostprocessing = 0;
		};
/* End PBXFrameworksBuildPhase section */

/* Begin PBXGroup section */
		0789BBA62BE5855C002E8DEA /* Theme */ = {
			isa = PBXGroup;
			children = (
				07B3D7492B04135800A5925D /* GameParameters.swift */,
				071087322AFB419E002A8E8D /* GameColors.swift */,
			);
			path = Theme;
			sourceTree = "<group>";
		};
		078FA6C92B0315D300E80102 /* MonochromeTests */ = {
			isa = PBXGroup;
			children = (
				078FA6CA2B0315D300E80102 /* MonochromeTests.swift */,
			);
			path = MonochromeTests;
			sourceTree = "<group>";
		};
		07AAA3A72A90224500AED136 = {
			isa = PBXGroup;
			children = (
				07AAA3B22A90224500AED136 /* Monochrome */,
				078FA6C92B0315D300E80102 /* MonochromeTests */,
				07AAA3B12A90224500AED136 /* Products */,
			);
			sourceTree = "<group>";
		};
		07AAA3B12A90224500AED136 /* Products */ = {
			isa = PBXGroup;
			children = (
				07AAA3B02A90224500AED136 /* Monochrome.app */,
				078FA6C82B0315D300E80102 /* MonochromeTests.xctest */,
			);
			name = Products;
			sourceTree = "<group>";
		};
		07AAA3B22A90224500AED136 /* Monochrome */ = {
			isa = PBXGroup;
			children = (
				0789BBA62BE5855C002E8DEA /* Theme */,
				07E64BB72AE73EDC000230DC /* App */,
				07E64BB62AE73EBB000230DC /* GameView */,
				07E64BB52AE73EAE000230DC /* Models */,
				07E64BB82AE73EEC000230DC /* Resources */,
				07AAA3B92A90224600AED136 /* Preview Content */,
			);
			path = Monochrome;
			sourceTree = "<group>";
		};
		07AAA3B92A90224600AED136 /* Preview Content */ = {
			isa = PBXGroup;
			children = (
				07D0A2FB2AD0D837008A40A9 /* Preview Assets.xcassets */,
			);
			path = "Preview Content";
			sourceTree = "<group>";
		};
		07E64BB52AE73EAE000230DC /* Models */ = {
			isa = PBXGroup;
			children = (
				07230B882AE1C380002D9A2B /* Game.swift */,
			);
			path = Models;
			sourceTree = "<group>";
		};
		07E64BB62AE73EBB000230DC /* GameView */ = {
			isa = PBXGroup;
			children = (
				076995562ACF756D0060E081 /* FieldView.swift */,
				07AAA3B52A90224500AED136 /* GameView.swift */,
				07230B862AE1C330002D9A2B /* GameViewModel.swift */,
				074DA5232AFD322900CD6B08 /* MonochromeLabelView.swift */,
				074DA5252AFD330A00CD6B08 /* SizeView.swift */,
				074DA5272AFD33B000CD6B08 /* NewGameButtonView.swift */,
			);
			path = GameView;
			sourceTree = "<group>";
		};
		07E64BB72AE73EDC000230DC /* App */ = {
			isa = PBXGroup;
			children = (
				07AAA3B32A90224500AED136 /* MonochromeApp.swift */,
			);
			path = App;
			sourceTree = "<group>";
		};
		07E64BB82AE73EEC000230DC /* Resources */ = {
			isa = PBXGroup;
			children = (
				07AAA3B72A90224600AED136 /* Assets.xcassets */,
			);
			path = Resources;
			sourceTree = "<group>";
		};
/* End PBXGroup section */

/* Begin PBXNativeTarget section */
		078FA6C72B0315D300E80102 /* MonochromeTests */ = {
			isa = PBXNativeTarget;
			buildConfigurationList = 078FA6D02B0315D400E80102 /* Build configuration list for PBXNativeTarget "MonochromeTests" */;
			buildPhases = (
				078FA6C42B0315D300E80102 /* Sources */,
				078FA6C52B0315D300E80102 /* Frameworks */,
				078FA6C62B0315D300E80102 /* Resources */,
			);
			buildRules = (
			);
			dependencies = (
				078FA6CD2B0315D300E80102 /* PBXTargetDependency */,
			);
			name = MonochromeTests;
			productName = MonochromeTests;
			productReference = 078FA6C82B0315D300E80102 /* MonochromeTests.xctest */;
			productType = "com.apple.product-type.bundle.unit-test";
		};
		07AAA3AF2A90224500AED136 /* Monochrome */ = {
			isa = PBXNativeTarget;
			buildConfigurationList = 07AAA3BE2A90224600AED136 /* Build configuration list for PBXNativeTarget "Monochrome" */;
			buildPhases = (
				0716773D2AE0485B0041181A /* Run Swiftlint */,
				07AAA3AC2A90224500AED136 /* Sources */,
				07AAA3AD2A90224500AED136 /* Frameworks */,
				07AAA3AE2A90224500AED136 /* Resources */,
			);
			buildRules = (
			);
			dependencies = (
			);
			name = Monochrome;
			productName = Monochrome;
			productReference = 07AAA3B02A90224500AED136 /* Monochrome.app */;
			productType = "com.apple.product-type.application";
		};
/* End PBXNativeTarget section */

/* Begin PBXProject section */
		07AAA3A82A90224500AED136 /* Project object */ = {
			isa = PBXProject;
			attributes = {
				BuildIndependentTargetsInParallel = 1;
				LastSwiftUpdateCheck = 1500;
				LastUpgradeCheck = 1510;
				TargetAttributes = {
					078FA6C72B0315D300E80102 = {
						CreatedOnToolsVersion = 15.0;
						TestTargetID = 07AAA3AF2A90224500AED136;
					};
					07AAA3AF2A90224500AED136 = {
						CreatedOnToolsVersion = 14.3.1;
					};
				};
			};
			buildConfigurationList = 07AAA3AB2A90224500AED136 /* Build configuration list for PBXProject "Monochrome" */;
			compatibilityVersion = "Xcode 14.0";
			developmentRegion = en;
			hasScannedForEncodings = 0;
			knownRegions = (
				en,
				Base,
			);
			mainGroup = 07AAA3A72A90224500AED136;
			productRefGroup = 07AAA3B12A90224500AED136 /* Products */;
			projectDirPath = "";
			projectRoot = "";
			targets = (
				07AAA3AF2A90224500AED136 /* Monochrome */,
				078FA6C72B0315D300E80102 /* MonochromeTests */,
			);
		};
/* End PBXProject section */

/* Begin PBXResourcesBuildPhase section */
		078FA6C62B0315D300E80102 /* Resources */ = {
			isa = PBXResourcesBuildPhase;
			buildActionMask = 2147483647;
			files = (
			);
			runOnlyForDeploymentPostprocessing = 0;
		};
		07AAA3AE2A90224500AED136 /* Resources */ = {
			isa = PBXResourcesBuildPhase;
			buildActionMask = 2147483647;
			files = (
				07D0A2FC2AD0D837008A40A9 /* Preview Assets.xcassets in Resources */,
				07AAA3B82A90224600AED136 /* Assets.xcassets in Resources */,
			);
			runOnlyForDeploymentPostprocessing = 0;
		};
/* End PBXResourcesBuildPhase section */

/* Begin PBXShellScriptBuildPhase section */
		0716773D2AE0485B0041181A /* Run Swiftlint */ = {
			isa = PBXShellScriptBuildPhase;
			alwaysOutOfDate = 1;
			buildActionMask = 2147483647;
			files = (
			);
			inputFileListPaths = (
			);
			inputPaths = (
			);
			name = "Run Swiftlint";
			outputFileListPaths = (
			);
			outputPaths = (
			);
			runOnlyForDeploymentPostprocessing = 0;
			shellPath = /bin/sh;
			shellScript = "# Type a script or drag a script file from your workspace to insert its path.\nexport PATH=\"$PATH:/opt/homebrew/bin\"\nif which swiftlint >/dev/null; then \n\tswiftlint \nelse \n\techo \"error: SwiftLint does not exist, download it from https://github.com/realm/SwiftLint\" \n\texit 1\nfi\n";
		};
/* End PBXShellScriptBuildPhase section */

/* Begin PBXSourcesBuildPhase section */
		078FA6C42B0315D300E80102 /* Sources */ = {
			isa = PBXSourcesBuildPhase;
			buildActionMask = 2147483647;
			files = (
				078FA6CB2B0315D300E80102 /* MonochromeTests.swift in Sources */,
			);
			runOnlyForDeploymentPostprocessing = 0;
		};
		07AAA3AC2A90224500AED136 /* Sources */ = {
			isa = PBXSourcesBuildPhase;
			buildActionMask = 2147483647;
			files = (
				07230B872AE1C330002D9A2B /* GameViewModel.swift in Sources */,
				071087332AFB419E002A8E8D /* GameColors.swift in Sources */,
				07230B892AE1C380002D9A2B /* Game.swift in Sources */,
				074DA5242AFD322900CD6B08 /* MonochromeLabelView.swift in Sources */,
				07AAA3B62A90224500AED136 /* GameView.swift in Sources */,
				074DA5282AFD33B000CD6B08 /* NewGameButtonView.swift in Sources */,
				07B3D74A2B04135800A5925D /* GameParameters.swift in Sources */,
				076995572ACF756D0060E081 /* FieldView.swift in Sources */,
				07AAA3B42A90224500AED136 /* MonochromeApp.swift in Sources */,
				074DA5262AFD330A00CD6B08 /* SizeView.swift in Sources */,
			);
			runOnlyForDeploymentPostprocessing = 0;
		};
/* End PBXSourcesBuildPhase section */

/* Begin PBXTargetDependency section */
		078FA6CD2B0315D300E80102 /* PBXTargetDependency */ = {
			isa = PBXTargetDependency;
			target = 07AAA3AF2A90224500AED136 /* Monochrome */;
			targetProxy = 078FA6CC2B0315D300E80102 /* PBXContainerItemProxy */;
		};
/* End PBXTargetDependency section */

/* Begin XCBuildConfiguration section */
		078FA6CE2B0315D400E80102 /* Debug */ = {
			isa = XCBuildConfiguration;
			buildSettings = {
				ASSETCATALOG_COMPILER_GENERATE_SWIFT_ASSET_SYMBOL_EXTENSIONS = YES;
				BUNDLE_LOADER = "$(TEST_HOST)";
				CODE_SIGN_STYLE = Automatic;
				CURRENT_PROJECT_VERSION = 1;
				DEVELOPMENT_TEAM = 6PNGGFV6BC;
				ENABLE_USER_SCRIPT_SANDBOXING = YES;
				GCC_C_LANGUAGE_STANDARD = gnu17;
				GENERATE_INFOPLIST_FILE = YES;
				IPHONEOS_DEPLOYMENT_TARGET = 17.0;
				LOCALIZATION_PREFERS_STRING_CATALOGS = YES;
				MARKETING_VERSION = 1.0;
				PRODUCT_BUNDLE_IDENTIFIER = com.repakuku.MonochromeTests;
				PRODUCT_NAME = "$(TARGET_NAME)";
				SWIFT_ACTIVE_COMPILATION_CONDITIONS = "DEBUG $(inherited)";
				SWIFT_EMIT_LOC_STRINGS = NO;
				SWIFT_VERSION = 5.0;
				TARGETED_DEVICE_FAMILY = "1,2";
				TEST_HOST = "$(BUILT_PRODUCTS_DIR)/Monochrome.app/$(BUNDLE_EXECUTABLE_FOLDER_PATH)/Monochrome";
			};
			name = Debug;
		};
		078FA6CF2B0315D400E80102 /* Release */ = {
			isa = XCBuildConfiguration;
			buildSettings = {
				ASSETCATALOG_COMPILER_GENERATE_SWIFT_ASSET_SYMBOL_EXTENSIONS = YES;
				BUNDLE_LOADER = "$(TEST_HOST)";
				CODE_SIGN_STYLE = Automatic;
				CURRENT_PROJECT_VERSION = 1;
				DEVELOPMENT_TEAM = 6PNGGFV6BC;
				ENABLE_USER_SCRIPT_SANDBOXING = YES;
				GCC_C_LANGUAGE_STANDARD = gnu17;
				GENERATE_INFOPLIST_FILE = YES;
				IPHONEOS_DEPLOYMENT_TARGET = 17.0;
				LOCALIZATION_PREFERS_STRING_CATALOGS = YES;
				MARKETING_VERSION = 1.0;
				PRODUCT_BUNDLE_IDENTIFIER = com.repakuku.MonochromeTests;
				PRODUCT_NAME = "$(TARGET_NAME)";
				SWIFT_EMIT_LOC_STRINGS = NO;
				SWIFT_VERSION = 5.0;
				TARGETED_DEVICE_FAMILY = "1,2";
				TEST_HOST = "$(BUILT_PRODUCTS_DIR)/Monochrome.app/$(BUNDLE_EXECUTABLE_FOLDER_PATH)/Monochrome";
			};
			name = Release;
		};
		07AAA3BC2A90224600AED136 /* Debug */ = {
			isa = XCBuildConfiguration;
			buildSettings = {
				ALWAYS_SEARCH_USER_PATHS = NO;
				CLANG_ANALYZER_NONNULL = YES;
				CLANG_ANALYZER_NUMBER_OBJECT_CONVERSION = YES_AGGRESSIVE;
				CLANG_CXX_LANGUAGE_STANDARD = "gnu++20";
				CLANG_ENABLE_MODULES = YES;
				CLANG_ENABLE_OBJC_ARC = YES;
				CLANG_ENABLE_OBJC_WEAK = YES;
				CLANG_WARN_BLOCK_CAPTURE_AUTORELEASING = YES;
				CLANG_WARN_BOOL_CONVERSION = YES;
				CLANG_WARN_COMMA = YES;
				CLANG_WARN_CONSTANT_CONVERSION = YES;
				CLANG_WARN_DEPRECATED_OBJC_IMPLEMENTATIONS = YES;
				CLANG_WARN_DIRECT_OBJC_ISA_USAGE = YES_ERROR;
				CLANG_WARN_DOCUMENTATION_COMMENTS = YES;
				CLANG_WARN_EMPTY_BODY = YES;
				CLANG_WARN_ENUM_CONVERSION = YES;
				CLANG_WARN_INFINITE_RECURSION = YES;
				CLANG_WARN_INT_CONVERSION = YES;
				CLANG_WARN_NON_LITERAL_NULL_CONVERSION = YES;
				CLANG_WARN_OBJC_IMPLICIT_RETAIN_SELF = YES;
				CLANG_WARN_OBJC_LITERAL_CONVERSION = YES;
				CLANG_WARN_OBJC_ROOT_CLASS = YES_ERROR;
				CLANG_WARN_QUOTED_INCLUDE_IN_FRAMEWORK_HEADER = YES;
				CLANG_WARN_RANGE_LOOP_ANALYSIS = YES;
				CLANG_WARN_STRICT_PROTOTYPES = YES;
				CLANG_WARN_SUSPICIOUS_MOVE = YES;
				CLANG_WARN_UNGUARDED_AVAILABILITY = YES_AGGRESSIVE;
				CLANG_WARN_UNREACHABLE_CODE = YES;
				CLANG_WARN__DUPLICATE_METHOD_MATCH = YES;
				COPY_PHASE_STRIP = NO;
				DEBUG_INFORMATION_FORMAT = dwarf;
				ENABLE_STRICT_OBJC_MSGSEND = YES;
				ENABLE_TESTABILITY = YES;
				GCC_C_LANGUAGE_STANDARD = gnu11;
				GCC_DYNAMIC_NO_PIC = NO;
				GCC_NO_COMMON_BLOCKS = YES;
				GCC_OPTIMIZATION_LEVEL = 0;
				GCC_PREPROCESSOR_DEFINITIONS = (
					"DEBUG=1",
					"$(inherited)",
				);
				GCC_WARN_64_TO_32_BIT_CONVERSION = YES;
				GCC_WARN_ABOUT_RETURN_TYPE = YES_ERROR;
				GCC_WARN_UNDECLARED_SELECTOR = YES;
				GCC_WARN_UNINITIALIZED_AUTOS = YES_AGGRESSIVE;
				GCC_WARN_UNUSED_FUNCTION = YES;
				GCC_WARN_UNUSED_VARIABLE = YES;
				IPHONEOS_DEPLOYMENT_TARGET = 16.4;
				MTL_ENABLE_DEBUG_INFO = INCLUDE_SOURCE;
				MTL_FAST_MATH = YES;
				ONLY_ACTIVE_ARCH = YES;
				SDKROOT = iphoneos;
				SWIFT_ACTIVE_COMPILATION_CONDITIONS = DEBUG;
				SWIFT_OPTIMIZATION_LEVEL = "-Onone";
			};
			name = Debug;
		};
		07AAA3BD2A90224600AED136 /* Release */ = {
			isa = XCBuildConfiguration;
			buildSettings = {
				ALWAYS_SEARCH_USER_PATHS = NO;
				CLANG_ANALYZER_NONNULL = YES;
				CLANG_ANALYZER_NUMBER_OBJECT_CONVERSION = YES_AGGRESSIVE;
				CLANG_CXX_LANGUAGE_STANDARD = "gnu++20";
				CLANG_ENABLE_MODULES = YES;
				CLANG_ENABLE_OBJC_ARC = YES;
				CLANG_ENABLE_OBJC_WEAK = YES;
				CLANG_WARN_BLOCK_CAPTURE_AUTORELEASING = YES;
				CLANG_WARN_BOOL_CONVERSION = YES;
				CLANG_WARN_COMMA = YES;
				CLANG_WARN_CONSTANT_CONVERSION = YES;
				CLANG_WARN_DEPRECATED_OBJC_IMPLEMENTATIONS = YES;
				CLANG_WARN_DIRECT_OBJC_ISA_USAGE = YES_ERROR;
				CLANG_WARN_DOCUMENTATION_COMMENTS = YES;
				CLANG_WARN_EMPTY_BODY = YES;
				CLANG_WARN_ENUM_CONVERSION = YES;
				CLANG_WARN_INFINITE_RECURSION = YES;
				CLANG_WARN_INT_CONVERSION = YES;
				CLANG_WARN_NON_LITERAL_NULL_CONVERSION = YES;
				CLANG_WARN_OBJC_IMPLICIT_RETAIN_SELF = YES;
				CLANG_WARN_OBJC_LITERAL_CONVERSION = YES;
				CLANG_WARN_OBJC_ROOT_CLASS = YES_ERROR;
				CLANG_WARN_QUOTED_INCLUDE_IN_FRAMEWORK_HEADER = YES;
				CLANG_WARN_RANGE_LOOP_ANALYSIS = YES;
				CLANG_WARN_STRICT_PROTOTYPES = YES;
				CLANG_WARN_SUSPICIOUS_MOVE = YES;
				CLANG_WARN_UNGUARDED_AVAILABILITY = YES_AGGRESSIVE;
				CLANG_WARN_UNREACHABLE_CODE = YES;
				CLANG_WARN__DUPLICATE_METHOD_MATCH = YES;
				COPY_PHASE_STRIP = NO;
				DEBUG_INFORMATION_FORMAT = "dwarf-with-dsym";
				ENABLE_NS_ASSERTIONS = NO;
				ENABLE_STRICT_OBJC_MSGSEND = YES;
				GCC_C_LANGUAGE_STANDARD = gnu11;
				GCC_NO_COMMON_BLOCKS = YES;
				GCC_WARN_64_TO_32_BIT_CONVERSION = YES;
				GCC_WARN_ABOUT_RETURN_TYPE = YES_ERROR;
				GCC_WARN_UNDECLARED_SELECTOR = YES;
				GCC_WARN_UNINITIALIZED_AUTOS = YES_AGGRESSIVE;
				GCC_WARN_UNUSED_FUNCTION = YES;
				GCC_WARN_UNUSED_VARIABLE = YES;
				IPHONEOS_DEPLOYMENT_TARGET = 16.4;
				MTL_ENABLE_DEBUG_INFO = NO;
				MTL_FAST_MATH = YES;
				SDKROOT = iphoneos;
				SWIFT_COMPILATION_MODE = wholemodule;
				SWIFT_OPTIMIZATION_LEVEL = "-O";
				VALIDATE_PRODUCT = YES;
			};
			name = Release;
		};
		07AAA3BF2A90224600AED136 /* Debug */ = {
			isa = XCBuildConfiguration;
			buildSettings = {
				ASSETCATALOG_COMPILER_APPICON_NAME = AppIcon;
				ASSETCATALOG_COMPILER_GLOBAL_ACCENT_COLOR_NAME = AccentColor;
				CODE_SIGN_STYLE = Automatic;
				CURRENT_PROJECT_VERSION = 1;
				DEVELOPMENT_ASSET_PATHS = "\"Monochrome/Preview Content\"";
				DEVELOPMENT_TEAM = 6PNGGFV6BC;
				ENABLE_PREVIEWS = YES;
				GENERATE_INFOPLIST_FILE = YES;
				INFOPLIST_KEY_UIApplicationSceneManifest_Generation = YES;
				INFOPLIST_KEY_UIApplicationSupportsIndirectInputEvents = YES;
				INFOPLIST_KEY_UILaunchScreen_Generation = YES;
				INFOPLIST_KEY_UISupportedInterfaceOrientations_iPad = "UIInterfaceOrientationPortrait UIInterfaceOrientationPortraitUpsideDown UIInterfaceOrientationLandscapeLeft UIInterfaceOrientationLandscapeRight";
				INFOPLIST_KEY_UISupportedInterfaceOrientations_iPhone = "UIInterfaceOrientationPortrait UIInterfaceOrientationLandscapeLeft UIInterfaceOrientationLandscapeRight";
				LD_RUNPATH_SEARCH_PATHS = (
					"$(inherited)",
					"@executable_path/Frameworks",
				);
				MARKETING_VERSION = 1.0;
				PRODUCT_BUNDLE_IDENTIFIER = repakuku.Monochrome;
				PRODUCT_NAME = "$(TARGET_NAME)";
				SWIFT_EMIT_LOC_STRINGS = YES;
				SWIFT_VERSION = 5.0;
				TARGETED_DEVICE_FAMILY = "1,2";
			};
			name = Debug;
		};
		07AAA3C02A90224600AED136 /* Release */ = {
			isa = XCBuildConfiguration;
			buildSettings = {
				ASSETCATALOG_COMPILER_APPICON_NAME = AppIcon;
				ASSETCATALOG_COMPILER_GLOBAL_ACCENT_COLOR_NAME = AccentColor;
				CODE_SIGN_STYLE = Automatic;
				CURRENT_PROJECT_VERSION = 1;
				DEVELOPMENT_ASSET_PATHS = "\"Monochrome/Preview Content\"";
				DEVELOPMENT_TEAM = 6PNGGFV6BC;
				ENABLE_PREVIEWS = YES;
				GENERATE_INFOPLIST_FILE = YES;
				INFOPLIST_KEY_UIApplicationSceneManifest_Generation = YES;
				INFOPLIST_KEY_UIApplicationSupportsIndirectInputEvents = YES;
				INFOPLIST_KEY_UILaunchScreen_Generation = YES;
				INFOPLIST_KEY_UISupportedInterfaceOrientations_iPad = "UIInterfaceOrientationPortrait UIInterfaceOrientationPortraitUpsideDown UIInterfaceOrientationLandscapeLeft UIInterfaceOrientationLandscapeRight";
				INFOPLIST_KEY_UISupportedInterfaceOrientations_iPhone = "UIInterfaceOrientationPortrait UIInterfaceOrientationLandscapeLeft UIInterfaceOrientationLandscapeRight";
				LD_RUNPATH_SEARCH_PATHS = (
					"$(inherited)",
					"@executable_path/Frameworks",
				);
				MARKETING_VERSION = 1.0;
				PRODUCT_BUNDLE_IDENTIFIER = repakuku.Monochrome;
				PRODUCT_NAME = "$(TARGET_NAME)";
				SWIFT_EMIT_LOC_STRINGS = YES;
				SWIFT_VERSION = 5.0;
				TARGETED_DEVICE_FAMILY = "1,2";
			};
			name = Release;
		};
/* End XCBuildConfiguration section */

/* Begin XCConfigurationList section */
		078FA6D02B0315D400E80102 /* Build configuration list for PBXNativeTarget "MonochromeTests" */ = {
			isa = XCConfigurationList;
			buildConfigurations = (
				078FA6CE2B0315D400E80102 /* Debug */,
				078FA6CF2B0315D400E80102 /* Release */,
			);
			defaultConfigurationIsVisible = 0;
			defaultConfigurationName = Release;
		};
		07AAA3AB2A90224500AED136 /* Build configuration list for PBXProject "Monochrome" */ = {
			isa = XCConfigurationList;
			buildConfigurations = (
				07AAA3BC2A90224600AED136 /* Debug */,
				07AAA3BD2A90224600AED136 /* Release */,
			);
			defaultConfigurationIsVisible = 0;
			defaultConfigurationName = Release;
		};
		07AAA3BE2A90224600AED136 /* Build configuration list for PBXNativeTarget "Monochrome" */ = {
			isa = XCConfigurationList;
			buildConfigurations = (
				07AAA3BF2A90224600AED136 /* Debug */,
				07AAA3C02A90224600AED136 /* Release */,
			);
			defaultConfigurationIsVisible = 0;
			defaultConfigurationName = Release;
		};
/* End XCConfigurationList section */
	};
	rootObject = 07AAA3A82A90224500AED136 /* Project object */;
}
